
Microsoft Visual Studio Solution File, Format Version 12.00
# Visual Studio Version 17
VisualStudioVersion = 17.0.31912.275
MinimumVisualStudioVersion = 10.0.40219.1
Project("{D954291E-2A0B-460D-934E-DC6B0785DB48}") = "_TwoTrails.Core", "_TwoTrails.Core\_TwoTrails.Core.shproj", "{3B159637-9999-4E86-88C5-035A96F5AC72}"
EndProject
Project("{9A19103F-16F7-4668-BE54-9A1E7A4F7556}") = "TwoTrails", "TwoTrails\TwoTrails.csproj", "{38E886B8-3FCA-4A41-A465-8FD5746E47EF}"
EndProject
Project("{9A19103F-16F7-4668-BE54-9A1E7A4F7556}") = "TwoTrails.Core.Windows", "TwoTrails.Core.Windows\TwoTrails.Core.Windows.csproj", "{F582F099-FE6A-45E6-AE7B-89C1296F135D}"
EndProject
Project("{9A19103F-16F7-4668-BE54-9A1E7A4F7556}") = "TwoTrails.DAL", "TwoTrails.DAL\TwoTrails.DAL.csproj", "{ECFD5466-2D67-4F3F-B095-811A8BC47F76}"
EndProject
Project("{9A19103F-16F7-4668-BE54-9A1E7A4F7556}") = "TwoTrails.Core", "TwoTrails.Core\TwoTrails.Core.csproj", "{E5FBBACE-023E-4602-86C9-3675A304D6E9}"
EndProject
Global
	GlobalSection(SharedMSBuildProjectFiles) = preSolution
		_TwoTrails.Core\_TwoTrails.Core.projitems*{3b159637-9999-4e86-88c5-035a96f5ac72}*SharedItemsImports = 13
		_TwoTrails.Core\_TwoTrails.Core.projitems*{e5fbbace-023e-4602-86c9-3675a304d6e9}*SharedItemsImports = 5
		_TwoTrails.Core\_TwoTrails.Core.projitems*{ecfd5466-2d67-4f3f-b095-811a8bc47f76}*SharedItemsImports = 5
	EndGlobalSection
	GlobalSection(SolutionConfigurationPlatforms) = preSolution
		Debug|Any CPU = Debug|Any CPU
		Debug|x64 = Debug|x64
		Preview|Any CPU = Preview|Any CPU
		Preview|x64 = Preview|x64
		Release|Any CPU = Release|Any CPU
		Release|x64 = Release|x64
	EndGlobalSection
	GlobalSection(ProjectConfigurationPlatforms) = postSolution
		{38E886B8-3FCA-4A41-A465-8FD5746E47EF}.Debug|Any CPU.ActiveCfg = Debug|Any CPU
		{38E886B8-3FCA-4A41-A465-8FD5746E47EF}.Debug|Any CPU.Build.0 = Debug|Any CPU
		{38E886B8-3FCA-4A41-A465-8FD5746E47EF}.Debug|x64.ActiveCfg = Debug|Any CPU
		{38E886B8-3FCA-4A41-A465-8FD5746E47EF}.Debug|x64.Build.0 = Debug|Any CPU
		{38E886B8-3FCA-4A41-A465-8FD5746E47EF}.Preview|Any CPU.ActiveCfg = Preview|Any CPU
		{38E886B8-3FCA-4A41-A465-8FD5746E47EF}.Preview|Any CPU.Build.0 = Preview|Any CPU
		{38E886B8-3FCA-4A41-A465-8FD5746E47EF}.Preview|x64.ActiveCfg = Preview|Any CPU
		{38E886B8-3FCA-4A41-A465-8FD5746E47EF}.Preview|x64.Build.0 = Preview|Any CPU
		{38E886B8-3FCA-4A41-A465-8FD5746E47EF}.Release|Any CPU.ActiveCfg = Release|Any CPU
		{38E886B8-3FCA-4A41-A465-8FD5746E47EF}.Release|Any CPU.Build.0 = Release|Any CPU
		{38E886B8-3FCA-4A41-A465-8FD5746E47EF}.Release|x64.ActiveCfg = Release|Any CPU
		{38E886B8-3FCA-4A41-A465-8FD5746E47EF}.Release|x64.Build.0 = Release|Any CPU
		{F582F099-FE6A-45E6-AE7B-89C1296F135D}.Debug|Any CPU.ActiveCfg = Debug|Any CPU
		{F582F099-FE6A-45E6-AE7B-89C1296F135D}.Debug|Any CPU.Build.0 = Debug|Any CPU
		{F582F099-FE6A-45E6-AE7B-89C1296F135D}.Debug|x64.ActiveCfg = Debug|Any CPU
		{F582F099-FE6A-45E6-AE7B-89C1296F135D}.Debug|x64.Build.0 = Debug|Any CPU
		{F582F099-FE6A-45E6-AE7B-89C1296F135D}.Preview|Any CPU.ActiveCfg = Preview|Any CPU
		{F582F099-FE6A-45E6-AE7B-89C1296F135D}.Preview|Any CPU.Build.0 = Preview|Any CPU
		{F582F099-FE6A-45E6-AE7B-89C1296F135D}.Preview|x64.ActiveCfg = Preview|Any CPU
		{F582F099-FE6A-45E6-AE7B-89C1296F135D}.Preview|x64.Build.0 = Preview|Any CPU
		{F582F099-FE6A-45E6-AE7B-89C1296F135D}.Release|Any CPU.ActiveCfg = Release|Any CPU
		{F582F099-FE6A-45E6-AE7B-89C1296F135D}.Release|Any CPU.Build.0 = Release|Any CPU
		{F582F099-FE6A-45E6-AE7B-89C1296F135D}.Release|x64.ActiveCfg = Release|Any CPU
		{F582F099-FE6A-45E6-AE7B-89C1296F135D}.Release|x64.Build.0 = Release|Any CPU
		{ECFD5466-2D67-4F3F-B095-811A8BC47F76}.Debug|Any CPU.ActiveCfg = Debug|Any CPU
		{ECFD5466-2D67-4F3F-B095-811A8BC47F76}.Debug|Any CPU.Build.0 = Debug|Any CPU
		{ECFD5466-2D67-4F3F-B095-811A8BC47F76}.Debug|x64.ActiveCfg = Debug|Any CPU
		{ECFD5466-2D67-4F3F-B095-811A8BC47F76}.Debug|x64.Build.0 = Debug|Any CPU
		{ECFD5466-2D67-4F3F-B095-811A8BC47F76}.Preview|Any CPU.ActiveCfg = Preview|Any CPU
		{ECFD5466-2D67-4F3F-B095-811A8BC47F76}.Preview|Any CPU.Build.0 = Preview|Any CPU
		{ECFD5466-2D67-4F3F-B095-811A8BC47F76}.Preview|x64.ActiveCfg = Preview|Any CPU
		{ECFD5466-2D67-4F3F-B095-811A8BC47F76}.Preview|x64.Build.0 = Preview|Any CPU
		{ECFD5466-2D67-4F3F-B095-811A8BC47F76}.Release|Any CPU.ActiveCfg = Release|Any CPU
		{ECFD5466-2D67-4F3F-B095-811A8BC47F76}.Release|Any CPU.Build.0 = Release|Any CPU
		{ECFD5466-2D67-4F3F-B095-811A8BC47F76}.Release|x64.ActiveCfg = Release|Any CPU
		{ECFD5466-2D67-4F3F-B095-811A8BC47F76}.Release|x64.Build.0 = Release|Any CPU
		{E5FBBACE-023E-4602-86C9-3675A304D6E9}.Debug|Any CPU.ActiveCfg = Debug|Any CPU
		{E5FBBACE-023E-4602-86C9-3675A304D6E9}.Debug|Any CPU.Build.0 = Debug|Any CPU
		{E5FBBACE-023E-4602-86C9-3675A304D6E9}.Debug|x64.ActiveCfg = Debug|Any CPU
		{E5FBBACE-023E-4602-86C9-3675A304D6E9}.Debug|x64.Build.0 = Debug|Any CPU
		{E5FBBACE-023E-4602-86C9-3675A304D6E9}.Preview|Any CPU.ActiveCfg = Preview|Any CPU
		{E5FBBACE-023E-4602-86C9-3675A304D6E9}.Preview|Any CPU.Build.0 = Preview|Any CPU
		{E5FBBACE-023E-4602-86C9-3675A304D6E9}.Preview|x64.ActiveCfg = Preview|Any CPU
		{E5FBBACE-023E-4602-86C9-3675A304D6E9}.Preview|x64.Build.0 = Preview|Any CPU
		{E5FBBACE-023E-4602-86C9-3675A304D6E9}.Release|Any CPU.ActiveCfg = Release|Any CPU
		{E5FBBACE-023E-4602-86C9-3675A304D6E9}.Release|Any CPU.Build.0 = Release|Any CPU
		{E5FBBACE-023E-4602-86C9-3675A304D6E9}.Release|x64.ActiveCfg = Release|Any CPU
		{E5FBBACE-023E-4602-86C9-3675A304D6E9}.Release|x64.Build.0 = Release|Any CPU
	EndGlobalSection
	GlobalSection(SolutionProperties) = preSolution
		HideSolutionNode = FALSE
	EndGlobalSection
	GlobalSection(ExtensibilityGlobals) = postSolution
		SolutionGuid = {BA2D14E6-AE83-4635-B341-5897EED5DFE6}
	EndGlobalSection
EndGlobal
